{
    "_readme": [
        "This file locks the dependencies of your project to a known state",
        "Read more about it at https://getcomposer.org/doc/01-basic-usage.md#installing-dependencies",
        "This file is @generated automatically"
    ],
    "content-hash": "e72199cdc5f2b5c439ca463456bb6203",
    "packages": [
        {
            "name": "cebe/markdown",
            "version": "1.2.1",
            "source": {
                "type": "git",
                "url": "https://github.com/cebe/markdown.git",
                "reference": "9bac5e971dd391e2802dca5400bbeacbaea9eb86"
            },
            "dist": {
                "type": "zip",
                "url": "https://api.github.com/repos/cebe/markdown/zipball/9bac5e971dd391e2802dca5400bbeacbaea9eb86",
                "reference": "9bac5e971dd391e2802dca5400bbeacbaea9eb86",
                "shasum": ""
            },
            "require": {
                "lib-pcre": "*",
                "php": ">=5.4.0"
            },
            "require-dev": {
                "cebe/indent": "*",
                "facebook/xhprof": "*@dev",
                "phpunit/phpunit": "4.1.*"
            },
            "bin": [
                "bin/markdown"
            ],
            "type": "library",
            "extra": {
                "branch-alias": {
                    "dev-master": "1.2.x-dev"
                }
            },
            "autoload": {
                "psr-4": {
                    "cebe\\markdown\\": ""
                }
            },
            "notification-url": "https://packagist.org/downloads/",
            "license": [
                "MIT"
            ],
            "authors": [
                {
                    "name": "Carsten Brandt",
                    "email": "mail@cebe.cc",
                    "homepage": "http://cebe.cc/",
                    "role": "Creator"
                }
            ],
            "description": "A super fast, highly extensible markdown parser for PHP",
            "homepage": "https://github.com/cebe/markdown#readme",
            "keywords": [
                "extensible",
                "fast",
                "gfm",
                "markdown",
                "markdown-extra"
            ],
            "support": {
                "issues": "https://github.com/cebe/markdown/issues",
                "source": "https://github.com/cebe/markdown"
            },
            "time": "2018-03-26T11:24:36+00:00"
        },
        {
            "name": "latte/latte",
            "version": "v2.10.10",
            "source": {
                "type": "git",
                "url": "https://github.com/nette/latte.git",
                "reference": "52b1646bd7d97e52720be1c29f21a12c0449e84e"
            },
            "dist": {
                "type": "zip",
                "url": "https://api.github.com/repos/nette/latte/zipball/52b1646bd7d97e52720be1c29f21a12c0449e84e",
                "reference": "52b1646bd7d97e52720be1c29f21a12c0449e84e",
                "shasum": ""
            },
            "require": {
                "ext-json": "*",
                "ext-tokenizer": "*",
                "php": "7.1 - 8.3"
            },
            "conflict": {
                "nette/application": "<2.4.1"
            },
            "require-dev": {
                "nette/php-generator": "^3.3.4",
                "nette/tester": "~2.0",
                "nette/utils": "^3.0",
                "phpstan/phpstan": "^0.12",
                "tracy/tracy": "^2.3"
            },
            "suggest": {
                "ext-fileinfo": "to use filter |datastream",
                "ext-iconv": "to use filters |reverse, |substring",
                "ext-mbstring": "to use filters like lower, upper, capitalize, ...",
                "nette/php-generator": "to use tag {templatePrint}",
                "nette/utils": "to use filter |webalize"
            },
            "bin": [
                "bin/latte-lint"
            ],
            "type": "library",
            "extra": {
                "branch-alias": {
                    "dev-master": "2.10-dev"
                }
            },
            "autoload": {
                "classmap": [
                    "src/"
                ]
            },
            "notification-url": "https://packagist.org/downloads/",
            "license": [
                "BSD-3-Clause",
                "GPL-2.0-only",
                "GPL-3.0-only"
            ],
            "authors": [
                {
                    "name": "David Grudl",
                    "homepage": "https://davidgrudl.com"
                },
                {
                    "name": "Nette Community",
                    "homepage": "https://nette.org/contributors"
                }
            ],
            "description": "☕ Latte: the intuitive and fast template engine for those who want the most secure PHP sites. Introduces context-sensitive escaping.",
            "homepage": "https://latte.nette.org",
            "keywords": [
                "context-sensitive",
                "engine",
                "escaping",
                "html",
                "nette",
                "security",
                "template",
                "twig"
            ],
            "support": {
                "issues": "https://github.com/nette/latte/issues",
                "source": "https://github.com/nette/latte/tree/v2.10.10"
            },
            "time": "2023-11-07T13:15:15+00:00"
        }
    ],
    "packages-dev": [],
    "aliases": [],
    "minimum-stability": "stable",
    "stability-flags": [],
    "prefer-stable": false,
    "prefer-lowest": false,
    "platform": [],
    "platform-dev": [],
    "plugin-api-version": "2.6.0"
}
